{
  "version": "3",
  "remote": {
    "https://deno.land/std@0.125.0/datetime/formatter.ts": "405f255681e8a771e01dd9d3bb6f04fc89c962344403642f89c8eccc7300bc91",
    "https://deno.land/std@0.125.0/datetime/mod.ts": "d2f0fe0d9456485205bf1acbac774e324a20f7787cfb4938f6460514e9551d51",
    "https://deno.land/std@0.125.0/datetime/tokenizer.ts": "80a91cea31cb45cf7f4c15041fb2832656cb786c300e922f1263befbba3e1b87",
    "https://deno.land/std@0.218.0/dotenv/mod.ts": "0180eaeedaaf88647318811cdaa418cc64dc51fb08354f91f5f480d0a1309f7d",
    "https://deno.land/std@0.218.0/dotenv/parse.ts": "a49ed243bd62ec26f38614042cda4e5e3a47b18337c93b0f9f8556a5c918884b",
    "https://deno.land/std@0.218.0/dotenv/stringify.ts": "0047ad7068289735d08964046aea267a750c141b494ca0e38831b89be6c020c2",
    "https://deno.land/std@0.218.2/assert/assert.ts": "bec068b2fccdd434c138a555b19a2c2393b71dfaada02b7d568a01541e67cdc5",
    "https://deno.land/std@0.218.2/assert/assertion_error.ts": "9f689a101ee586c4ce92f52fa7ddd362e86434ffdf1f848e45987dc7689976b8",
    "https://deno.land/std@0.218.2/fmt/colors.ts": "d239d84620b921ea520125d778947881f62c50e78deef2657073840b8af9559a",
    "https://deno.land/std@0.218.2/fs/exists.ts": "d2757ef764eaf5c6c5af7228e8447db2de42ab084a2dae540097f905723d83f5",
    "https://deno.land/std@0.218.2/log/_config.ts": "489e11b6d3c917bf5fc954c5e914c095d3480efd924d1e85f2fc576468581c54",
    "https://deno.land/std@0.218.2/log/_state.ts": "314c0c31ab9c8f4fb33326ad446757d35f75e5bb21746b7720ed4e3f3a939da1",
    "https://deno.land/std@0.218.2/log/base_handler.ts": "fd03a8e0c58ca49c52bf51df6f8fe4eabbeb11a2d966840f563bcdc150441442",
    "https://deno.land/std@0.218.2/log/console_handler.ts": "9a1e96b00b86d98e31def5439d27139efeaceb6fdfee567ee800eb90a5468442",
    "https://deno.land/std@0.218.2/log/critical.ts": "6eb2290dbe40e42bd8f936a5453d254f36e1e30a737cddfec541573b70bb7cd2",
    "https://deno.land/std@0.218.2/log/debug.ts": "8fd921996842aa19767d318a93848f800dad4d514bdc4fd36ebd0c0d9ff71414",
    "https://deno.land/std@0.218.2/log/error.ts": "41e86c437c4ee4310950838c8d50ac63e9ed4e34b65766db8027382914f230dd",
    "https://deno.land/std@0.218.2/log/file_handler.ts": "6a8eaa552e8981e1ce18c20581e9880e2a512affd52565dd34e06a188e215c72",
    "https://deno.land/std@0.218.2/log/formatters.ts": "d3d07d5e1e160adee7b8f0b493ee9b98d621b65754f49d1891ae089af3641288",
    "https://deno.land/std@0.218.2/log/get_logger.ts": "9c153ea3642e7fdabad752f65211d0e147d1863a07aef5c28991bc1e89df042c",
    "https://deno.land/std@0.218.2/log/info.ts": "7343716d8d08d3f40ac07844c2b96df4538dfcc92755559ee2a5fac166752185",
    "https://deno.land/std@0.218.2/log/levels.ts": "632ba12baa2600750d004cc5cb4eabe10e410f3f2bdfcb9f7142b6d767f2fee6",
    "https://deno.land/std@0.218.2/log/logger.ts": "a7a21f53c59f0d16227373d04ea302277a8d5be278105d71afe85b3d7b12067f",
    "https://deno.land/std@0.218.2/log/mod.ts": "e4ad2e0925dbcb9047621e06560efe5285e3a589b56d5213d102f379c12a1c3e",
    "https://deno.land/std@0.218.2/log/rotating_file_handler.ts": "a6e7c712e568b618303273ff95483f6ab86dec0a485c73c2e399765f752b5aa8",
    "https://deno.land/std@0.218.2/log/setup.ts": "76142bb52b632452310760e99bb6637eeebd811144b8d2a3a07c72ce673e4365",
    "https://deno.land/std@0.218.2/log/warn.ts": "3984feabb641d9ca8ef8abb200e0d4ff4a1ba3aedaa4666e3e43333e762bdbf4"
  }
}
